
Microsoft Visual Studio Solution File, Format Version 12.00
# Visual Studio Version 17
VisualStudioVersion = 17.4.33213.308
MinimumVisualStudioVersion = 10.0.40219.1
Project("{FAE04EC0-301F-11D3-BF4B-00C04F79EFBC}") = "Empleado_Examen", "Empleado_Examen\Empleado_Examen.csproj", "{FEAE4CC4-3449-48F2-B5D6-30F70D854E7A}"
EndProject
Global
	GlobalSection(SolutionConfigurationPlatforms) = preSolution
		Debug|Any CPU = Debug|Any CPU
		Release|Any CPU = Release|Any CPU
	EndGlobalSection
	GlobalSection(ProjectConfigurationPlatforms) = postSolution
		{FEAE4CC4-3449-48F2-B5D6-30F70D854E7A}.Debug|Any CPU.ActiveCfg = Debug|Any CPU
		{FEAE4CC4-3449-48F2-B5D6-30F70D854E7A}.Debug|Any CPU.Build.0 = Debug|Any CPU
		{FEAE4CC4-3449-48F2-B5D6-30F70D854E7A}.Release|Any CPU.ActiveCfg = Release|Any CPU
		{FEAE4CC4-3449-48F2-B5D6-30F70D854E7A}.Release|Any CPU.Build.0 = Release|Any CPU
	EndGlobalSection
	GlobalSection(SolutionProperties) = preSolution
		HideSolutionNode = FALSE
	EndGlobalSection
	GlobalSection(ExtensibilityGlobals) = postSolution
		SolutionGuid = {D22521EA-0659-4D3F-B7CB-E57D65525B85}
	EndGlobalSection
EndGlobal
